{
  "name": "cypress-yarn-gitlab-ci-example",
  "version": "1.0.0",
  "lockfileVersion": 1,
  "requires": true,
  "dependencies": {
    "cypress-react-selector": {
      "version": "2.3.6",
      "resolved": "https://registry.npmjs.org/cypress-react-selector/-/cypress-react-selector-2.3.6.tgz",
      "integrity": "sha512-fK1jpsOIfIqjObyuMQiopkf18HZ8p0j8Gk9H2bzIbRL3KzTqkJhhLkMLOOEUNZ7P52v1U4wdUN7iaF0brAAIGA==",
      "requires": {
        "resq": "1.10.0"
      }
    },
    "fast-deep-equal": {
      "version": "2.0.1",
      "resolved": "https://registry.npmjs.org/fast-deep-equal/-/fast-deep-equal-2.0.1.tgz",
      "integrity": "sha1-ewUhjd+WZ79/Nwv3/bLLFf3Qqkk="
    },
    "resq": {
      "version": "1.10.0",
      "resolved": "https://registry.npmjs.org/resq/-/resq-1.10.0.tgz",
      "integrity": "sha512-hCUd0xMalqtPDz4jXIqs0M5Wnv/LZXN8h7unFOo4/nvExT9dDPbhwd3udRxLlp0HgBnHcV009UlduE9NZi7A6w==",
      "requires": {
        "fast-deep-equal": "^2.0.1"
      }
    }
  }
}
